
Microsoft Visual Studio Solution File, Format Version 12.00
# Visual Studio Version 17
VisualStudioVersion = 17.8.34511.84
MinimumVisualStudioVersion = 10.0.40219.1
Project("{FAE04EC0-301F-11D3-BF4B-00C04F79EFBC}") = "Project Outline", "Project Outline.csproj", "{C8095612-699E-471D-86D8-7C93051BADA9}"
EndProject
Global
	GlobalSection(SolutionConfigurationPlatforms) = preSolution
		Debug|Any CPU = Debug|Any CPU
		Release|Any CPU = Release|Any CPU
	EndGlobalSection
	GlobalSection(ProjectConfigurationPlatforms) = postSolution
		{C8095612-699E-471D-86D8-7C93051BADA9}.Debug|Any CPU.ActiveCfg = Debug|Any CPU
		{C8095612-699E-471D-86D8-7C93051BADA9}.Debug|Any CPU.Build.0 = Debug|Any CPU
		{C8095612-699E-471D-86D8-7C93051BADA9}.Release|Any CPU.ActiveCfg = Release|Any CPU
		{C8095612-699E-471D-86D8-7C93051BADA9}.Release|Any CPU.Build.0 = Release|Any CPU
	EndGlobalSection
	GlobalSection(SolutionProperties) = preSolution
		HideSolutionNode = FALSE
	EndGlobalSection
	GlobalSection(ExtensibilityGlobals) = postSolution
		SolutionGuid = {9F97CC5E-0BD3-4BB1-9898-84BE1908FDCC}
	EndGlobalSection
EndGlobal
